<?xml version="1.0" encoding="utf-8"?>
<Project ToolsVersion="4.0" xmlns="http://schemas.microsoft.com/developer/msbuild/2003">
  <ItemGroup>
    <Filter Include="Source Files">
      <UniqueIdentifier>{4FC737F1-C7A5-4376-A066-2A32D752A2FF}</UniqueIdentifier>
      <Extensions>cpp;c;cc;cxx;def;odl;idl;hpj;bat;asm;asmx</Extensions>
    </Filter>
    <Filter Include="Header Files">
      <UniqueIdentifier>{93995380-89BD-4b04-88EB-625FBE52EBFB}</UniqueIdentifier>
      <Extensions>h;hh;hpp;hxx;hm;inl;inc;xsd</Extensions>
    </Filter>
    <Filter Include="Resource Files">
      <UniqueIdentifier>{D9D6E242-F8AF-46E4-B9FD-80ECBC20BA3E}</UniqueIdentifier>
      <Extensions>qrc;*</Extensions>
      <ParseFiles>false</ParseFiles>
    </Filter>
    <Filter Include="Form Files">
      <UniqueIdentifier>{99349809-55BA-4b9d-BF79-8FDBB0286EB3}</UniqueIdentifier>
      <Extensions>ui</Extensions>
    </Filter>
    <Filter Include="Resource Files">
      <UniqueIdentifier>{D9D6E242-F8AF-46E4-B9FD-80ECBC20BA3E}</UniqueIdentifier>
      <Extensions>qrc;*</Extensions>
      <ParseFiles>false</ParseFiles>
    </Filter>
  </ItemGroup>
  <ItemGroup>
    <ClCompile Include="main.cpp">
      <Filter>Source Files</Filter>
    </ClCompile>
    <ClCompile Include="Comcalen.cpp">
      <Filter>Source Files</Filter>
    </ClCompile>
    <ClCompile Include="Company.cpp">
      <Filter>Source Files</Filter>
    </ClCompile>
    <ClCompile Include="CompanyDatabase.cpp">
      <Filter>Source Files</Filter>
    </ClCompile>
    <ClCompile Include="CrewMember.cpp">
      <Filter>Source Files</Filter>
    </ClCompile>
    <ClCompile Include="Employee.cpp">
      <Filter>Source Files</Filter>
    </ClCompile>
    <ClCompile Include="Employer.cpp">
      <Filter>Source Files</Filter>
    </ClCompile>
    <ClCompile Include="EmployeeCalendar.cpp">
      <Filter>Source Files</Filter>
    </ClCompile>
    <ClCompile Include="EmployerCalendar.cpp">
      <Filter>Source Files</Filter>
    </ClCompile>
    <ClCompile Include="AddCompany.cpp">
      <Filter>Source Files</Filter>
    </ClCompile>
    <ClCompile Include="ShiftTable.cpp">
      <Filter>Source Files</Filter>
    </ClCompile>
    <ClCompile Include="ManageDatabase.cpp">
      <Filter>Source Files</Filter>
    </ClCompile>
    <ClCompile Include="ShowNews.cpp">
      <Filter>Source Files</Filter>
    </ClCompile>
    <ClCompile Include="ManageShift.cpp">
      <Filter>Source Files</Filter>
    </ClCompile>
    <ClCompile Include="ShowCompany.cpp">
      <Filter>Source Files</Filter>
    </ClCompile>
  </ItemGroup>
  <ItemGroup>
    <QtMoc Include="Comcalen.h">
      <Filter>Header Files</Filter>
    </QtMoc>
    <QtMoc Include="EmployeeCalendar.h">
      <Filter>Header Files</Filter>
    </QtMoc>
    <QtMoc Include="EmployerCalendar.h">
      <Filter>Header Files</Filter>
    </QtMoc>
    <QtMoc Include="AddCompany.h">
      <Filter>Header Files</Filter>
    </QtMoc>
    <QtMoc Include="ShiftTable.h">
      <Filter>Header Files</Filter>
    </QtMoc>
    <QtMoc Include="ManageDatabase.h">
      <Filter>Header Files</Filter>
    </QtMoc>
    <QtMoc Include="ShowNews.h">
      <Filter>Header Files</Filter>
    </QtMoc>
    <QtMoc Include="ManageShift.h">
      <Filter>Header Files</Filter>
    </QtMoc>
    <QtMoc Include="ShowCompany.h">
      <Filter>Header Files</Filter>
    </QtMoc>
  </ItemGroup>
  <ItemGroup>
    <QtUic Include="Comcalen.ui">
      <Filter>Form Files</Filter>
    </QtUic>
    <QtUic Include="EmployeeCalendar.ui">
      <Filter>Form Files</Filter>
    </QtUic>
    <QtUic Include="EmployerCalendar.ui">
      <Filter>Form Files</Filter>
    </QtUic>
    <QtUic Include="AddCompany.ui">
      <Filter>Form Files</Filter>
    </QtUic>
    <QtUic Include="ShiftTable.ui">
      <Filter>Form Files</Filter>
    </QtUic>
    <QtUic Include="ManageDatabase.ui">
      <Filter>Form Files</Filter>
    </QtUic>
    <QtUic Include="ShowNews.ui">
      <Filter>Form Files</Filter>
    </QtUic>
    <QtUic Include="ManageShift.ui">
      <Filter>Form Files</Filter>
    </QtUic>
    <QtUic Include="ShowCompany.ui">
      <Filter>Form Files</Filter>
    </QtUic>
  </ItemGroup>
  <ItemGroup>
    <QtRcc Include="Comcalen.qrc">
      <Filter>Resource Files</Filter>
    </QtRcc>
  </ItemGroup>
  <ItemGroup>
    <ClInclude Include="Company.h">
      <Filter>Header Files</Filter>
    </ClInclude>
    <ClInclude Include="CompanyDatabase.h">
      <Filter>Header Files</Filter>
    </ClInclude>
    <ClInclude Include="CrewMember.h">
      <Filter>Header Files</Filter>
    </ClInclude>
    <ClInclude Include="Employee.h">
      <Filter>Header Files</Filter>
    </ClInclude>
    <ClInclude Include="Employer.h">
      <Filter>Header Files</Filter>
    </ClInclude>
  </ItemGroup>
  <ItemGroup>
    <Text Include="database.txt" />
  </ItemGroup>
</Project>